# THIS IS AN AUTOGENERATED FILE. DO NOT EDIT THIS FILE DIRECTLY.
# yarn lockfile v1


ip-geolocation-api-javascript-sdk@^1.0.9:
  version "1.0.9"
  resolved "https://registry.yarnpkg.com/ip-geolocation-api-javascript-sdk/-/ip-geolocation-api-javascript-sdk-1.0.9.tgz#e7a063ed926a00373ff5dda74d7b5fbf778db0f0"
  integrity sha512-ZpqHD8Tt3uz2+olm9g2n+0MZbwqVsPoU6bq+vFiNrTWFeSlM2w8regzViA52f1FYCUKKIMYJUiwZIJBC0STrNw==
  dependencies:
    xmlhttprequest "^1.8.0"

xmlhttprequest@^1.8.0:
  version "1.8.0"
  resolved "https://registry.yarnpkg.com/xmlhttprequest/-/xmlhttprequest-1.8.0.tgz#67fe075c5c24fef39f9d65f5f7b7fe75171968fc"
  integrity sha512-58Im/U0mlVBLM38NdZjHyhuMtCqa61469k2YP/AaPbvCoV9aQGUpbJBj1QRm2ytRiVQBD/fsw7L2bJGDVQswBA==
